
Microsoft Visual Studio Solution File, Format Version 12.00
# Visual Studio Version 17
VisualStudioVersion = 17.1.32210.238
MinimumVisualStudioVersion = 10.0.40219.1
Project("{9A19103F-16F7-4668-BE54-9A1E7A4F7556}") = "Marketplace", "Marketplace\Marketplace.csproj", "{3FC956F2-3A7A-48AD-9F62-C95B348D6C53}"
EndProject
Project("{9A19103F-16F7-4668-BE54-9A1E7A4F7556}") = "Marketplace.Core", "Marketplace.Core\Marketplace.Core.csproj", "{F27AB84A-A214-4092-B010-469DEBBDFA10}"
EndProject
Project("{9A19103F-16F7-4668-BE54-9A1E7A4F7556}") = "Marketplace.Infrastructure", "Marketplace.Infrastructure\Marketplace.Infrastructure.csproj", "{8ACDF2D1-6B95-4DD7-8A62-F3B235087E0A}"
EndProject
Project("{9A19103F-16F7-4668-BE54-9A1E7A4F7556}") = "Marketplace.Api", "Marketplace.Api\Marketplace.Api.csproj", "{790470A3-3E9F-4891-A938-DA634F241398}"
EndProject
Project("{FAE04EC0-301F-11D3-BF4B-00C04F79EFBC}") = "Marketplace.Test", "Marketplace.Test\Marketplace.Test.csproj", "{4D437DC9-6713-47B4-B5F9-152BB74D86C4}"
EndProject
Global
	GlobalSection(SolutionConfigurationPlatforms) = preSolution
		Debug|Any CPU = Debug|Any CPU
		Release|Any CPU = Release|Any CPU
	EndGlobalSection
	GlobalSection(ProjectConfigurationPlatforms) = postSolution
		{3FC956F2-3A7A-48AD-9F62-C95B348D6C53}.Debug|Any CPU.ActiveCfg = Debug|Any CPU
		{3FC956F2-3A7A-48AD-9F62-C95B348D6C53}.Debug|Any CPU.Build.0 = Debug|Any CPU
		{3FC956F2-3A7A-48AD-9F62-C95B348D6C53}.Release|Any CPU.ActiveCfg = Release|Any CPU
		{3FC956F2-3A7A-48AD-9F62-C95B348D6C53}.Release|Any CPU.Build.0 = Release|Any CPU
		{F27AB84A-A214-4092-B010-469DEBBDFA10}.Debug|Any CPU.ActiveCfg = Debug|Any CPU
		{F27AB84A-A214-4092-B010-469DEBBDFA10}.Debug|Any CPU.Build.0 = Debug|Any CPU
		{F27AB84A-A214-4092-B010-469DEBBDFA10}.Release|Any CPU.ActiveCfg = Release|Any CPU
		{F27AB84A-A214-4092-B010-469DEBBDFA10}.Release|Any CPU.Build.0 = Release|Any CPU
		{8ACDF2D1-6B95-4DD7-8A62-F3B235087E0A}.Debug|Any CPU.ActiveCfg = Debug|Any CPU
		{8ACDF2D1-6B95-4DD7-8A62-F3B235087E0A}.Debug|Any CPU.Build.0 = Debug|Any CPU
		{8ACDF2D1-6B95-4DD7-8A62-F3B235087E0A}.Release|Any CPU.ActiveCfg = Release|Any CPU
		{8ACDF2D1-6B95-4DD7-8A62-F3B235087E0A}.Release|Any CPU.Build.0 = Release|Any CPU
		{790470A3-3E9F-4891-A938-DA634F241398}.Debug|Any CPU.ActiveCfg = Debug|Any CPU
		{790470A3-3E9F-4891-A938-DA634F241398}.Debug|Any CPU.Build.0 = Debug|Any CPU
		{790470A3-3E9F-4891-A938-DA634F241398}.Release|Any CPU.ActiveCfg = Release|Any CPU
		{790470A3-3E9F-4891-A938-DA634F241398}.Release|Any CPU.Build.0 = Release|Any CPU
		{4D437DC9-6713-47B4-B5F9-152BB74D86C4}.Debug|Any CPU.ActiveCfg = Debug|Any CPU
		{4D437DC9-6713-47B4-B5F9-152BB74D86C4}.Debug|Any CPU.Build.0 = Debug|Any CPU
		{4D437DC9-6713-47B4-B5F9-152BB74D86C4}.Release|Any CPU.ActiveCfg = Release|Any CPU
		{4D437DC9-6713-47B4-B5F9-152BB74D86C4}.Release|Any CPU.Build.0 = Release|Any CPU
	EndGlobalSection
	GlobalSection(SolutionProperties) = preSolution
		HideSolutionNode = FALSE
	EndGlobalSection
	GlobalSection(ExtensibilityGlobals) = postSolution
		SolutionGuid = {D961A5E4-663B-4888-9542-E98B94E75A1D}
	EndGlobalSection
EndGlobal
